
Microsoft Visual Studio Solution File, Format Version 12.00
# Visual Studio 15
VisualStudioVersion = 15.0.27703.2026
MinimumVisualStudioVersion = 10.0.40219.1
Project("{9A19103F-16F7-4668-BE54-9A1E7A4F7556}") = "CompanyApp", "CompanyApp\CompanyApp.csproj", "{325FFD62-6CA2-40EB-A8D7-1A483278D71C}"
EndProject
Global
	GlobalSection(SolutionConfigurationPlatforms) = preSolution
		Debug|Any CPU = Debug|Any CPU
		Release|Any CPU = Release|Any CPU
	EndGlobalSection
	GlobalSection(ProjectConfigurationPlatforms) = postSolution
		{325FFD62-6CA2-40EB-A8D7-1A483278D71C}.Debug|Any CPU.ActiveCfg = Debug|Any CPU
		{325FFD62-6CA2-40EB-A8D7-1A483278D71C}.Debug|Any CPU.Build.0 = Debug|Any CPU
		{325FFD62-6CA2-40EB-A8D7-1A483278D71C}.Release|Any CPU.ActiveCfg = Release|Any CPU
		{325FFD62-6CA2-40EB-A8D7-1A483278D71C}.Release|Any CPU.Build.0 = Release|Any CPU
	EndGlobalSection
	GlobalSection(SolutionProperties) = preSolution
		HideSolutionNode = FALSE
	EndGlobalSection
	GlobalSection(ExtensibilityGlobals) = postSolution
		SolutionGuid = {7DE6905E-66B1-4E80-AFD3-AA113586E3C9}
	EndGlobalSection
EndGlobal
